
Microsoft Visual Studio Solution File, Format Version 12.00
# Visual Studio Version 16
VisualStudioVersion = 16.0.31624.102
MinimumVisualStudioVersion = 10.0.40219.1
Project("{8BC9CEB8-8B4A-11D0-8D11-00A0C91BC942}") = "QtCalc", "QtCalc\QtCalc.vcxproj", "{59993503-54E2-4FD9-9748-C9907C189151}"
EndProject
Project("{8BC9CEB8-8B4A-11D0-8D11-00A0C91BC942}") = "Model", "Model\Model.vcxproj", "{909FE17F-246D-4348-93B7-FB24E08B2B64}"
EndProject
Project("{8BC9CEB8-8B4A-11D0-8D11-00A0C91BC942}") = "View", "View\View.vcxproj", "{86809060-0988-4C72-9D2C-7C0E196124F2}"
EndProject
Project("{8BC9CEB8-8B4A-11D0-8D11-00A0C91BC942}") = "consoleUI", "consoleUI\consoleUI.vcxproj", "{7FE96507-69B4-4E9D-863A-A6156EFFB029}"
EndProject
Project("{8BC9CEB8-8B4A-11D0-8D11-00A0C91BC942}") = "CalculatorUnitTest", "CalculatorUnitTest\CalculatorUnitTest.vcxproj", "{07E25133-A86F-4D0B-838C-378C018BF43C}"
EndProject
Global
	GlobalSection(SolutionConfigurationPlatforms) = preSolution
		Debug|x64 = Debug|x64
		Debug|x86 = Debug|x86
		Release|x64 = Release|x64
		Release|x86 = Release|x86
	EndGlobalSection
	GlobalSection(ProjectConfigurationPlatforms) = postSolution
		{59993503-54E2-4FD9-9748-C9907C189151}.Debug|x64.ActiveCfg = Debug|x64
		{59993503-54E2-4FD9-9748-C9907C189151}.Debug|x64.Build.0 = Debug|x64
		{59993503-54E2-4FD9-9748-C9907C189151}.Debug|x86.ActiveCfg = Debug|x64
		{59993503-54E2-4FD9-9748-C9907C189151}.Release|x64.ActiveCfg = Release|x64
		{59993503-54E2-4FD9-9748-C9907C189151}.Release|x64.Build.0 = Release|x64
		{59993503-54E2-4FD9-9748-C9907C189151}.Release|x86.ActiveCfg = Release|x64
		{909FE17F-246D-4348-93B7-FB24E08B2B64}.Debug|x64.ActiveCfg = Debug|x64
		{909FE17F-246D-4348-93B7-FB24E08B2B64}.Debug|x64.Build.0 = Debug|x64
		{909FE17F-246D-4348-93B7-FB24E08B2B64}.Debug|x86.ActiveCfg = Debug|Win32
		{909FE17F-246D-4348-93B7-FB24E08B2B64}.Debug|x86.Build.0 = Debug|Win32
		{909FE17F-246D-4348-93B7-FB24E08B2B64}.Release|x64.ActiveCfg = Release|x64
		{909FE17F-246D-4348-93B7-FB24E08B2B64}.Release|x64.Build.0 = Release|x64
		{909FE17F-246D-4348-93B7-FB24E08B2B64}.Release|x86.ActiveCfg = Release|Win32
		{909FE17F-246D-4348-93B7-FB24E08B2B64}.Release|x86.Build.0 = Release|Win32
		{86809060-0988-4C72-9D2C-7C0E196124F2}.Debug|x64.ActiveCfg = Debug|x64
		{86809060-0988-4C72-9D2C-7C0E196124F2}.Debug|x64.Build.0 = Debug|x64
		{86809060-0988-4C72-9D2C-7C0E196124F2}.Debug|x86.ActiveCfg = Debug|Win32
		{86809060-0988-4C72-9D2C-7C0E196124F2}.Debug|x86.Build.0 = Debug|Win32
		{86809060-0988-4C72-9D2C-7C0E196124F2}.Release|x64.ActiveCfg = Release|x64
		{86809060-0988-4C72-9D2C-7C0E196124F2}.Release|x64.Build.0 = Release|x64
		{86809060-0988-4C72-9D2C-7C0E196124F2}.Release|x86.ActiveCfg = Release|Win32
		{86809060-0988-4C72-9D2C-7C0E196124F2}.Release|x86.Build.0 = Release|Win32
		{7FE96507-69B4-4E9D-863A-A6156EFFB029}.Debug|x64.ActiveCfg = Debug|x64
		{7FE96507-69B4-4E9D-863A-A6156EFFB029}.Debug|x64.Build.0 = Debug|x64
		{7FE96507-69B4-4E9D-863A-A6156EFFB029}.Debug|x86.ActiveCfg = Debug|Win32
		{7FE96507-69B4-4E9D-863A-A6156EFFB029}.Debug|x86.Build.0 = Debug|Win32
		{7FE96507-69B4-4E9D-863A-A6156EFFB029}.Release|x64.ActiveCfg = Release|x64
		{7FE96507-69B4-4E9D-863A-A6156EFFB029}.Release|x64.Build.0 = Release|x64
		{7FE96507-69B4-4E9D-863A-A6156EFFB029}.Release|x86.ActiveCfg = Release|Win32
		{7FE96507-69B4-4E9D-863A-A6156EFFB029}.Release|x86.Build.0 = Release|Win32
		{07E25133-A86F-4D0B-838C-378C018BF43C}.Debug|x64.ActiveCfg = Debug|x64
		{07E25133-A86F-4D0B-838C-378C018BF43C}.Debug|x64.Build.0 = Debug|x64
		{07E25133-A86F-4D0B-838C-378C018BF43C}.Debug|x86.ActiveCfg = Debug|Win32
		{07E25133-A86F-4D0B-838C-378C018BF43C}.Debug|x86.Build.0 = Debug|Win32
		{07E25133-A86F-4D0B-838C-378C018BF43C}.Release|x64.ActiveCfg = Release|x64
		{07E25133-A86F-4D0B-838C-378C018BF43C}.Release|x64.Build.0 = Release|x64
		{07E25133-A86F-4D0B-838C-378C018BF43C}.Release|x86.ActiveCfg = Release|Win32
		{07E25133-A86F-4D0B-838C-378C018BF43C}.Release|x86.Build.0 = Release|Win32
	EndGlobalSection
	GlobalSection(SolutionProperties) = preSolution
		HideSolutionNode = FALSE
	EndGlobalSection
	GlobalSection(ExtensibilityGlobals) = postSolution
		SolutionGuid = {6F080286-A259-4FA4-838F-A3BD1ECA2EA5}
	EndGlobalSection
EndGlobal
